// !$*UTF8*$!
{
	archiveVersion = 1;
	classes = {
	};
	objectVersion = 55;
	objects = {

/* Begin PBXBuildFile section */
		605FB82228BD142B004B2303 /* LocalNotificationManager.swift in Sources */ = {isa = PBXBuildFile; fileRef = 605FB82128BD142B004B2303 /* LocalNotificationManager.swift */; };
		6073842B28BB5E5600D1E18B /* AddTableView.swift in Sources */ = {isa = PBXBuildFile; fileRef = 6073842A28BB5E5600D1E18B /* AddTableView.swift */; };
		6073842D28BB5F8D00D1E18B /* DirectoriesTableViewCell.swift in Sources */ = {isa = PBXBuildFile; fileRef = 6073842C28BB5F8D00D1E18B /* DirectoriesTableViewCell.swift */; };
		6073842F28BB616300D1E18B /* AddButton.swift in Sources */ = {isa = PBXBuildFile; fileRef = 6073842E28BB616300D1E18B /* AddButton.swift */; };
		6073843228BB63D500D1E18B /* FileManagerExtension.swift in Sources */ = {isa = PBXBuildFile; fileRef = 6073843128BB63D500D1E18B /* FileManagerExtension.swift */; };
		6073843428BB68A200D1E18B /* FMServices.swift in Sources */ = {isa = PBXBuildFile; fileRef = 6073843328BB68A200D1E18B /* FMServices.swift */; };
		6073843A28BB735900D1E18B /* FilesViewController.swift in Sources */ = {isa = PBXBuildFile; fileRef = 6073843928BB735900D1E18B /* FilesViewController.swift */; };
		6073843C28BB736E00D1E18B /* FilesTableViewCell.swift in Sources */ = {isa = PBXBuildFile; fileRef = 6073843B28BB736E00D1E18B /* FilesTableViewCell.swift */; };
		6073843F28BB742000D1E18B /* AddLable.swift in Sources */ = {isa = PBXBuildFile; fileRef = 6073843E28BB742000D1E18B /* AddLable.swift */; };
		6073844128BB742B00D1E18B /* AddButtontoFileList.swift in Sources */ = {isa = PBXBuildFile; fileRef = 6073844028BB742B00D1E18B /* AddButtontoFileList.swift */; };
		6073844328BB743700D1E18B /* AddTableViewToFileList.swift in Sources */ = {isa = PBXBuildFile; fileRef = 6073844228BB743700D1E18B /* AddTableViewToFileList.swift */; };
		6073844528BC157900D1E18B /* ReminderModel.swift in Sources */ = {isa = PBXBuildFile; fileRef = 6073844428BC157900D1E18B /* ReminderModel.swift */; };
		60812A7028B78F73003CEAA1 /* AppDelegate.swift in Sources */ = {isa = PBXBuildFile; fileRef = 60812A6F28B78F73003CEAA1 /* AppDelegate.swift */; };
		60812A7228B78F73003CEAA1 /* SceneDelegate.swift in Sources */ = {isa = PBXBuildFile; fileRef = 60812A7128B78F73003CEAA1 /* SceneDelegate.swift */; };
		60812A7428B78F73003CEAA1 /* ViewController.swift in Sources */ = {isa = PBXBuildFile; fileRef = 60812A7328B78F73003CEAA1 /* ViewController.swift */; };
		60812A7728B78F73003CEAA1 /* Main.storyboard in Resources */ = {isa = PBXBuildFile; fileRef = 60812A7528B78F73003CEAA1 /* Main.storyboard */; };
		60812A7928B78F74003CEAA1 /* Assets.xcassets in Resources */ = {isa = PBXBuildFile; fileRef = 60812A7828B78F74003CEAA1 /* Assets.xcassets */; };
		60812A7C28B78F74003CEAA1 /* LaunchScreen.storyboard in Resources */ = {isa = PBXBuildFile; fileRef = 60812A7A28B78F74003CEAA1 /* LaunchScreen.storyboard */; };
		60812A8628B7907E003CEAA1 /* AddHeadTextToFolder.swift in Sources */ = {isa = PBXBuildFile; fileRef = 60812A8528B7907E003CEAA1 /* AddHeadTextToFolder.swift */; };
		60812A8828B790E6003CEAA1 /* ConstraintsExtensions.swift in Sources */ = {isa = PBXBuildFile; fileRef = 60812A8728B790E6003CEAA1 /* ConstraintsExtensions.swift */; };
		60E6624328BE8824006D3B85 /* NotesViewController.swift in Sources */ = {isa = PBXBuildFile; fileRef = 60E6624228BE8824006D3B85 /* NotesViewController.swift */; };
/* End PBXBuildFile section */

/* Begin PBXFileReference section */
		605FB82028BD12E1004B2303 /* NatiaL_25.entitlements */ = {isa = PBXFileReference; lastKnownFileType = text.plist.entitlements; path = NatiaL_25.entitlements; sourceTree = "<group>"; };
		605FB82128BD142B004B2303 /* LocalNotificationManager.swift */ = {isa = PBXFileReference; lastKnownFileType = sourcecode.swift; path = LocalNotificationManager.swift; sourceTree = "<group>"; };
		6073842A28BB5E5600D1E18B /* AddTableView.swift */ = {isa = PBXFileReference; lastKnownFileType = sourcecode.swift; path = AddTableView.swift; sourceTree = "<group>"; };
		6073842C28BB5F8D00D1E18B /* DirectoriesTableViewCell.swift */ = {isa = PBXFileReference; lastKnownFileType = sourcecode.swift; path = DirectoriesTableViewCell.swift; sourceTree = "<group>"; };
		6073842E28BB616300D1E18B /* AddButton.swift */ = {isa = PBXFileReference; lastKnownFileType = sourcecode.swift; path = AddButton.swift; sourceTree = "<group>"; };
		6073843128BB63D500D1E18B /* FileManagerExtension.swift */ = {isa = PBXFileReference; lastKnownFileType = sourcecode.swift; path = FileManagerExtension.swift; sourceTree = "<group>"; };
		6073843328BB68A200D1E18B /* FMServices.swift */ = {isa = PBXFileReference; lastKnownFileType = sourcecode.swift; path = FMServices.swift; sourceTree = "<group>"; };
		6073843928BB735900D1E18B /* FilesViewController.swift */ = {isa = PBXFileReference; lastKnownFileType = sourcecode.swift; path = FilesViewController.swift; sourceTree = "<group>"; };
		6073843B28BB736E00D1E18B /* FilesTableViewCell.swift */ = {isa = PBXFileReference; lastKnownFileType = sourcecode.swift; path = FilesTableViewCell.swift; sourceTree = "<group>"; };
		6073843E28BB742000D1E18B /* AddLable.swift */ = {isa = PBXFileReference; lastKnownFileType = sourcecode.swift; path = AddLable.swift; sourceTree = "<group>"; };
		6073844028BB742B00D1E18B /* AddButtontoFileList.swift */ = {isa = PBXFileReference; lastKnownFileType = sourcecode.swift; path = AddButtontoFileList.swift; sourceTree = "<group>"; };
		6073844228BB743700D1E18B /* AddTableViewToFileList.swift */ = {isa = PBXFileReference; lastKnownFileType = sourcecode.swift; path = AddTableViewToFileList.swift; sourceTree = "<group>"; };
		6073844428BC157900D1E18B /* ReminderModel.swift */ = {isa = PBXFileReference; lastKnownFileType = sourcecode.swift; path = ReminderModel.swift; sourceTree = "<group>"; };
		60812A6C28B78F73003CEAA1 /* NatiaL_25.app */ = {isa = PBXFileReference; explicitFileType = wrapper.application; includeInIndex = 0; path = NatiaL_25.app; sourceTree = BUILT_PRODUCTS_DIR; };
		60812A6F28B78F73003CEAA1 /* AppDelegate.swift */ = {isa = PBXFileReference; lastKnownFileType = sourcecode.swift; path = AppDelegate.swift; sourceTree = "<group>"; };
		60812A7128B78F73003CEAA1 /* SceneDelegate.swift */ = {isa = PBXFileReference; lastKnownFileType = sourcecode.swift; path = SceneDelegate.swift; sourceTree = "<group>"; };
		60812A7328B78F73003CEAA1 /* ViewController.swift */ = {isa = PBXFileReference; lastKnownFileType = sourcecode.swift; path = ViewController.swift; sourceTree = "<group>"; };
		60812A7628B78F73003CEAA1 /* Base */ = {isa = PBXFileReference; lastKnownFileType = file.storyboard; name = Base; path = Base.lproj/Main.storyboard; sourceTree = "<group>"; };
		60812A7828B78F74003CEAA1 /* Assets.xcassets */ = {isa = PBXFileReference; lastKnownFileType = folder.assetcatalog; path = Assets.xcassets; sourceTree = "<group>"; };
		60812A7B28B78F74003CEAA1 /* Base */ = {isa = PBXFileReference; lastKnownFileType = file.storyboard; name = Base; path = Base.lproj/LaunchScreen.storyboard; sourceTree = "<group>"; };
		60812A7D28B78F74003CEAA1 /* Info.plist */ = {isa = PBXFileReference; lastKnownFileType = text.plist.xml; path = Info.plist; sourceTree = "<group>"; };
		60812A8528B7907E003CEAA1 /* AddHeadTextToFolder.swift */ = {isa = PBXFileReference; lastKnownFileType = sourcecode.swift; path = AddHeadTextToFolder.swift; sourceTree = "<group>"; };
		60812A8728B790E6003CEAA1 /* ConstraintsExtensions.swift */ = {isa = PBXFileReference; lastKnownFileType = sourcecode.swift; path = ConstraintsExtensions.swift; sourceTree = "<group>"; };
		60E6624228BE8824006D3B85 /* NotesViewController.swift */ = {isa = PBXFileReference; lastKnownFileType = sourcecode.swift; path = NotesViewController.swift; sourceTree = "<group>"; };
/* End PBXFileReference section */

/* Begin PBXFrameworksBuildPhase section */
		60812A6928B78F73003CEAA1 /* Frameworks */ = {
			isa = PBXFrameworksBuildPhase;
			buildActionMask = 2147483647;
			files = (
			);
			runOnlyForDeploymentPostprocessing = 0;
		};
/* End PBXFrameworksBuildPhase section */

/* Begin PBXGroup section */
		6073843028BB63C600D1E18B /* FileManager */ = {
			isa = PBXGroup;
			children = (
				6073843128BB63D500D1E18B /* FileManagerExtension.swift */,
				6073843328BB68A200D1E18B /* FMServices.swift */,
			);
			path = FileManager;
			sourceTree = "<group>";
		};
		6073843528BB72E500D1E18B /* Scenes */ = {
			isa = PBXGroup;
			children = (
				6073843628BB72FB00D1E18B /* Folders */,
				6073843828BB732800D1E18B /* Files */,
				60E6624428BE9963006D3B85 /* TextNote */,
			);
			path = Scenes;
			sourceTree = "<group>";
		};
		6073843628BB72FB00D1E18B /* Folders */ = {
			isa = PBXGroup;
			children = (
				60812A7328B78F73003CEAA1 /* ViewController.swift */,
				60812A8428B79063003CEAA1 /* VcViewExtensions */,
				6073842C28BB5F8D00D1E18B /* DirectoriesTableViewCell.swift */,
			);
			path = Folders;
			sourceTree = "<group>";
		};
		6073843728BB731A00D1E18B /* Resources */ = {
			isa = PBXGroup;
			children = (
				60812A7528B78F73003CEAA1 /* Main.storyboard */,
				60812A7828B78F74003CEAA1 /* Assets.xcassets */,
				60812A7A28B78F74003CEAA1 /* LaunchScreen.storyboard */,
			);
			path = Resources;
			sourceTree = "<group>";
		};
		6073843828BB732800D1E18B /* Files */ = {
			isa = PBXGroup;
			children = (
				6073843928BB735900D1E18B /* FilesViewController.swift */,
				6073843D28BB740F00D1E18B /* Extensions */,
				6073843B28BB736E00D1E18B /* FilesTableViewCell.swift */,
			);
			path = Files;
			sourceTree = "<group>";
		};
		6073843D28BB740F00D1E18B /* Extensions */ = {
			isa = PBXGroup;
			children = (
				6073843E28BB742000D1E18B /* AddLable.swift */,
				6073844028BB742B00D1E18B /* AddButtontoFileList.swift */,
				6073844228BB743700D1E18B /* AddTableViewToFileList.swift */,
			);
			path = Extensions;
			sourceTree = "<group>";
		};
		6073844628BC192400D1E18B /* Model */ = {
			isa = PBXGroup;
			children = (
				6073844428BC157900D1E18B /* ReminderModel.swift */,
			);
			path = Model;
			sourceTree = "<group>";
		};
		60812A6328B78F73003CEAA1 = {
			isa = PBXGroup;
			children = (
				60812A6E28B78F73003CEAA1 /* NatiaL_25 */,
				60812A6D28B78F73003CEAA1 /* Products */,
			);
			sourceTree = "<group>";
		};
		60812A6D28B78F73003CEAA1 /* Products */ = {
			isa = PBXGroup;
			children = (
				60812A6C28B78F73003CEAA1 /* NatiaL_25.app */,
			);
			name = Products;
			sourceTree = "<group>";
		};
		60812A6E28B78F73003CEAA1 /* NatiaL_25 */ = {
			isa = PBXGroup;
			children = (
				60812A8328B78F7D003CEAA1 /* Source Files */,
				60E6624528BE9EFA006D3B85 /* Utilities */,
				60E6624628BE9F0C006D3B85 /* Notifications */,
				6073844628BC192400D1E18B /* Model */,
				6073843028BB63C600D1E18B /* FileManager */,
				6073843528BB72E500D1E18B /* Scenes */,
				6073843728BB731A00D1E18B /* Resources */,
				60812A7D28B78F74003CEAA1 /* Info.plist */,
			);
			path = NatiaL_25;
			sourceTree = "<group>";
		};
		60812A8328B78F7D003CEAA1 /* Source Files */ = {
			isa = PBXGroup;
			children = (
				60812A6F28B78F73003CEAA1 /* AppDelegate.swift */,
				60812A7128B78F73003CEAA1 /* SceneDelegate.swift */,
			);
			path = "Source Files";
			sourceTree = "<group>";
		};
		60812A8428B79063003CEAA1 /* VcViewExtensions */ = {
			isa = PBXGroup;
			children = (
				60812A8528B7907E003CEAA1 /* AddHeadTextToFolder.swift */,
				6073842A28BB5E5600D1E18B /* AddTableView.swift */,
				6073842E28BB616300D1E18B /* AddButton.swift */,
			);
			path = VcViewExtensions;
			sourceTree = "<group>";
		};
		60E6624428BE9963006D3B85 /* TextNote */ = {
			isa = PBXGroup;
			children = (
				60E6624228BE8824006D3B85 /* NotesViewController.swift */,
			);
			path = TextNote;
			sourceTree = "<group>";
		};
		60E6624528BE9EFA006D3B85 /* Utilities */ = {
			isa = PBXGroup;
			children = (
				60812A8728B790E6003CEAA1 /* ConstraintsExtensions.swift */,
			);
			path = Utilities;
			sourceTree = "<group>";
		};
		60E6624628BE9F0C006D3B85 /* Notifications */ = {
			isa = PBXGroup;
			children = (
				605FB82028BD12E1004B2303 /* NatiaL_25.entitlements */,
				605FB82128BD142B004B2303 /* LocalNotificationManager.swift */,
			);
			path = Notifications;
			sourceTree = "<group>";
		};
/* End PBXGroup section */

/* Begin PBXNativeTarget section */
		60812A6B28B78F73003CEAA1 /* NatiaL_25 */ = {
			isa = PBXNativeTarget;
			buildConfigurationList = 60812A8028B78F74003CEAA1 /* Build configuration list for PBXNativeTarget "NatiaL_25" */;
			buildPhases = (
				60812A6828B78F73003CEAA1 /* Sources */,
				60812A6928B78F73003CEAA1 /* Frameworks */,
				60812A6A28B78F73003CEAA1 /* Resources */,
			);
			buildRules = (
			);
			dependencies = (
			);
			name = NatiaL_25;
			productName = NatiaL_25;
			productReference = 60812A6C28B78F73003CEAA1 /* NatiaL_25.app */;
			productType = "com.apple.product-type.application";
		};
/* End PBXNativeTarget section */

/* Begin PBXProject section */
		60812A6428B78F73003CEAA1 /* Project object */ = {
			isa = PBXProject;
			attributes = {
				BuildIndependentTargetsInParallel = 1;
				LastSwiftUpdateCheck = 1320;
				LastUpgradeCheck = 1320;
				TargetAttributes = {
					60812A6B28B78F73003CEAA1 = {
						CreatedOnToolsVersion = 13.2.1;
					};
				};
			};
			buildConfigurationList = 60812A6728B78F73003CEAA1 /* Build configuration list for PBXProject "NatiaL_25" */;
			compatibilityVersion = "Xcode 13.0";
			developmentRegion = en;
			hasScannedForEncodings = 0;
			knownRegions = (
				en,
				Base,
			);
			mainGroup = 60812A6328B78F73003CEAA1;
			productRefGroup = 60812A6D28B78F73003CEAA1 /* Products */;
			projectDirPath = "";
			projectRoot = "";
			targets = (
				60812A6B28B78F73003CEAA1 /* NatiaL_25 */,
			);
		};
/* End PBXProject section */

/* Begin PBXResourcesBuildPhase section */
		60812A6A28B78F73003CEAA1 /* Resources */ = {
			isa = PBXResourcesBuildPhase;
			buildActionMask = 2147483647;
			files = (
				60812A7C28B78F74003CEAA1 /* LaunchScreen.storyboard in Resources */,
				60812A7928B78F74003CEAA1 /* Assets.xcassets in Resources */,
				60812A7728B78F73003CEAA1 /* Main.storyboard in Resources */,
			);
			runOnlyForDeploymentPostprocessing = 0;
		};
/* End PBXResourcesBuildPhase section */

/* Begin PBXSourcesBuildPhase section */
		60812A6828B78F73003CEAA1 /* Sources */ = {
			isa = PBXSourcesBuildPhase;
			buildActionMask = 2147483647;
			files = (
				60812A8628B7907E003CEAA1 /* AddHeadTextToFolder.swift in Sources */,
				6073844128BB742B00D1E18B /* AddButtontoFileList.swift in Sources */,
				605FB82228BD142B004B2303 /* LocalNotificationManager.swift in Sources */,
				6073844328BB743700D1E18B /* AddTableViewToFileList.swift in Sources */,
				6073843F28BB742000D1E18B /* AddLable.swift in Sources */,
				6073843228BB63D500D1E18B /* FileManagerExtension.swift in Sources */,
				6073844528BC157900D1E18B /* ReminderModel.swift in Sources */,
				6073842D28BB5F8D00D1E18B /* DirectoriesTableViewCell.swift in Sources */,
				60812A7428B78F73003CEAA1 /* ViewController.swift in Sources */,
				60812A8828B790E6003CEAA1 /* ConstraintsExtensions.swift in Sources */,
				60812A7028B78F73003CEAA1 /* AppDelegate.swift in Sources */,
				6073843428BB68A200D1E18B /* FMServices.swift in Sources */,
				60812A7228B78F73003CEAA1 /* SceneDelegate.swift in Sources */,
				6073843A28BB735900D1E18B /* FilesViewController.swift in Sources */,
				60E6624328BE8824006D3B85 /* NotesViewController.swift in Sources */,
				6073843C28BB736E00D1E18B /* FilesTableViewCell.swift in Sources */,
				6073842B28BB5E5600D1E18B /* AddTableView.swift in Sources */,
				6073842F28BB616300D1E18B /* AddButton.swift in Sources */,
			);
			runOnlyForDeploymentPostprocessing = 0;
		};
/* End PBXSourcesBuildPhase section */

/* Begin PBXVariantGroup section */
		60812A7528B78F73003CEAA1 /* Main.storyboard */ = {
			isa = PBXVariantGroup;
			children = (
				60812A7628B78F73003CEAA1 /* Base */,
			);
			name = Main.storyboard;
			sourceTree = "<group>";
		};
		60812A7A28B78F74003CEAA1 /* LaunchScreen.storyboard */ = {
			isa = PBXVariantGroup;
			children = (
				60812A7B28B78F74003CEAA1 /* Base */,
			);
			name = LaunchScreen.storyboard;
			sourceTree = "<group>";
		};
/* End PBXVariantGroup section */

/* Begin XCBuildConfiguration section */
		60812A7E28B78F74003CEAA1 /* Debug */ = {
			isa = XCBuildConfiguration;
			buildSettings = {
				ALWAYS_SEARCH_USER_PATHS = NO;
				CLANG_ANALYZER_NONNULL = YES;
				CLANG_ANALYZER_NUMBER_OBJECT_CONVERSION = YES_AGGRESSIVE;
				CLANG_CXX_LANGUAGE_STANDARD = "gnu++17";
				CLANG_CXX_LIBRARY = "libc++";
				CLANG_ENABLE_MODULES = YES;
				CLANG_ENABLE_OBJC_ARC = YES;
				CLANG_ENABLE_OBJC_WEAK = YES;
				CLANG_WARN_BLOCK_CAPTURE_AUTORELEASING = YES;
				CLANG_WARN_BOOL_CONVERSION = YES;
				CLANG_WARN_COMMA = YES;
				CLANG_WARN_CONSTANT_CONVERSION = YES;
				CLANG_WARN_DEPRECATED_OBJC_IMPLEMENTATIONS = YES;
				CLANG_WARN_DIRECT_OBJC_ISA_USAGE = YES_ERROR;
				CLANG_WARN_DOCUMENTATION_COMMENTS = YES;
				CLANG_WARN_EMPTY_BODY = YES;
				CLANG_WARN_ENUM_CONVERSION = YES;
				CLANG_WARN_INFINITE_RECURSION = YES;
				CLANG_WARN_INT_CONVERSION = YES;
				CLANG_WARN_NON_LITERAL_NULL_CONVERSION = YES;
				CLANG_WARN_OBJC_IMPLICIT_RETAIN_SELF = YES;
				CLANG_WARN_OBJC_LITERAL_CONVERSION = YES;
				CLANG_WARN_OBJC_ROOT_CLASS = YES_ERROR;
				CLANG_WARN_QUOTED_INCLUDE_IN_FRAMEWORK_HEADER = YES;
				CLANG_WARN_RANGE_LOOP_ANALYSIS = YES;
				CLANG_WARN_STRICT_PROTOTYPES = YES;
				CLANG_WARN_SUSPICIOUS_MOVE = YES;
				CLANG_WARN_UNGUARDED_AVAILABILITY = YES_AGGRESSIVE;
				CLANG_WARN_UNREACHABLE_CODE = YES;
				CLANG_WARN__DUPLICATE_METHOD_MATCH = YES;
				COPY_PHASE_STRIP = NO;
				DEBUG_INFORMATION_FORMAT = dwarf;
				ENABLE_STRICT_OBJC_MSGSEND = YES;
				ENABLE_TESTABILITY = YES;
				GCC_C_LANGUAGE_STANDARD = gnu11;
				GCC_DYNAMIC_NO_PIC = NO;
				GCC_NO_COMMON_BLOCKS = YES;
				GCC_OPTIMIZATION_LEVEL = 0;
				GCC_PREPROCESSOR_DEFINITIONS = (
					"DEBUG=1",
					"$(inherited)",
				);
				GCC_WARN_64_TO_32_BIT_CONVERSION = YES;
				GCC_WARN_ABOUT_RETURN_TYPE = YES_ERROR;
				GCC_WARN_UNDECLARED_SELECTOR = YES;
				GCC_WARN_UNINITIALIZED_AUTOS = YES_AGGRESSIVE;
				GCC_WARN_UNUSED_FUNCTION = YES;
				GCC_WARN_UNUSED_VARIABLE = YES;
				IPHONEOS_DEPLOYMENT_TARGET = 15.2;
				MTL_ENABLE_DEBUG_INFO = INCLUDE_SOURCE;
				MTL_FAST_MATH = YES;
				ONLY_ACTIVE_ARCH = YES;
				SDKROOT = iphoneos;
				SWIFT_ACTIVE_COMPILATION_CONDITIONS = DEBUG;
				SWIFT_OPTIMIZATION_LEVEL = "-Onone";
			};
			name = Debug;
		};
		60812A7F28B78F74003CEAA1 /* Release */ = {
			isa = XCBuildConfiguration;
			buildSettings = {
				ALWAYS_SEARCH_USER_PATHS = NO;
				CLANG_ANALYZER_NONNULL = YES;
				CLANG_ANALYZER_NUMBER_OBJECT_CONVERSION = YES_AGGRESSIVE;
				CLANG_CXX_LANGUAGE_STANDARD = "gnu++17";
				CLANG_CXX_LIBRARY = "libc++";
				CLANG_ENABLE_MODULES = YES;
				CLANG_ENABLE_OBJC_ARC = YES;
				CLANG_ENABLE_OBJC_WEAK = YES;
				CLANG_WARN_BLOCK_CAPTURE_AUTORELEASING = YES;
				CLANG_WARN_BOOL_CONVERSION = YES;
				CLANG_WARN_COMMA = YES;
				CLANG_WARN_CONSTANT_CONVERSION = YES;
				CLANG_WARN_DEPRECATED_OBJC_IMPLEMENTATIONS = YES;
				CLANG_WARN_DIRECT_OBJC_ISA_USAGE = YES_ERROR;
				CLANG_WARN_DOCUMENTATION_COMMENTS = YES;
				CLANG_WARN_EMPTY_BODY = YES;
				CLANG_WARN_ENUM_CONVERSION = YES;
				CLANG_WARN_INFINITE_RECURSION = YES;
				CLANG_WARN_INT_CONVERSION = YES;
				CLANG_WARN_NON_LITERAL_NULL_CONVERSION = YES;
				CLANG_WARN_OBJC_IMPLICIT_RETAIN_SELF = YES;
				CLANG_WARN_OBJC_LITERAL_CONVERSION = YES;
				CLANG_WARN_OBJC_ROOT_CLASS = YES_ERROR;
				CLANG_WARN_QUOTED_INCLUDE_IN_FRAMEWORK_HEADER = YES;
				CLANG_WARN_RANGE_LOOP_ANALYSIS = YES;
				CLANG_WARN_STRICT_PROTOTYPES = YES;
				CLANG_WARN_SUSPICIOUS_MOVE = YES;
				CLANG_WARN_UNGUARDED_AVAILABILITY = YES_AGGRESSIVE;
				CLANG_WARN_UNREACHABLE_CODE = YES;
				CLANG_WARN__DUPLICATE_METHOD_MATCH = YES;
				COPY_PHASE_STRIP = NO;
				DEBUG_INFORMATION_FORMAT = "dwarf-with-dsym";
				ENABLE_NS_ASSERTIONS = NO;
				ENABLE_STRICT_OBJC_MSGSEND = YES;
				GCC_C_LANGUAGE_STANDARD = gnu11;
				GCC_NO_COMMON_BLOCKS = YES;
				GCC_WARN_64_TO_32_BIT_CONVERSION = YES;
				GCC_WARN_ABOUT_RETURN_TYPE = YES_ERROR;
				GCC_WARN_UNDECLARED_SELECTOR = YES;
				GCC_WARN_UNINITIALIZED_AUTOS = YES_AGGRESSIVE;
				GCC_WARN_UNUSED_FUNCTION = YES;
				GCC_WARN_UNUSED_VARIABLE = YES;
				IPHONEOS_DEPLOYMENT_TARGET = 15.2;
				MTL_ENABLE_DEBUG_INFO = NO;
				MTL_FAST_MATH = YES;
				SDKROOT = iphoneos;
				SWIFT_COMPILATION_MODE = wholemodule;
				SWIFT_OPTIMIZATION_LEVEL = "-O";
				VALIDATE_PRODUCT = YES;
			};
			name = Release;
		};
		60812A8128B78F74003CEAA1 /* Debug */ = {
			isa = XCBuildConfiguration;
			buildSettings = {
				ASSETCATALOG_COMPILER_APPICON_NAME = AppIcon;
				ASSETCATALOG_COMPILER_GLOBAL_ACCENT_COLOR_NAME = AccentColor;
				CODE_SIGN_ENTITLEMENTS = NatiaL_25/NatiaL_25.entitlements;
				CODE_SIGN_STYLE = Automatic;
				CURRENT_PROJECT_VERSION = 1;
				GENERATE_INFOPLIST_FILE = YES;
				INFOPLIST_FILE = NatiaL_25/Info.plist;
				INFOPLIST_KEY_UIApplicationSupportsIndirectInputEvents = YES;
				INFOPLIST_KEY_UILaunchStoryboardName = LaunchScreen;
				INFOPLIST_KEY_UIMainStoryboardFile = Main;
				INFOPLIST_KEY_UISupportedInterfaceOrientations_iPad = "UIInterfaceOrientationPortrait UIInterfaceOrientationPortraitUpsideDown UIInterfaceOrientationLandscapeLeft UIInterfaceOrientationLandscapeRight";
				INFOPLIST_KEY_UISupportedInterfaceOrientations_iPhone = "UIInterfaceOrientationPortrait UIInterfaceOrientationLandscapeLeft UIInterfaceOrientationLandscapeRight";
				LD_RUNPATH_SEARCH_PATHS = (
					"$(inherited)",
					"@executable_path/Frameworks",
				);
				MARKETING_VERSION = 1.0;
				PRODUCT_BUNDLE_IDENTIFIER = "NatiaLobzhanidze.NatiaL-25";
				PRODUCT_NAME = "$(TARGET_NAME)";
				SWIFT_EMIT_LOC_STRINGS = YES;
				SWIFT_VERSION = 5.0;
				TARGETED_DEVICE_FAMILY = "1,2";
			};
			name = Debug;
		};
		60812A8228B78F74003CEAA1 /* Release */ = {
			isa = XCBuildConfiguration;
			buildSettings = {
				ASSETCATALOG_COMPILER_APPICON_NAME = AppIcon;
				ASSETCATALOG_COMPILER_GLOBAL_ACCENT_COLOR_NAME = AccentColor;
				CODE_SIGN_ENTITLEMENTS = NatiaL_25/NatiaL_25.entitlements;
				CODE_SIGN_STYLE = Automatic;
				CURRENT_PROJECT_VERSION = 1;
				GENERATE_INFOPLIST_FILE = YES;
				INFOPLIST_FILE = NatiaL_25/Info.plist;
				INFOPLIST_KEY_UIApplicationSupportsIndirectInputEvents = YES;
				INFOPLIST_KEY_UILaunchStoryboardName = LaunchScreen;
				INFOPLIST_KEY_UIMainStoryboardFile = Main;
				INFOPLIST_KEY_UISupportedInterfaceOrientations_iPad = "UIInterfaceOrientationPortrait UIInterfaceOrientationPortraitUpsideDown UIInterfaceOrientationLandscapeLeft UIInterfaceOrientationLandscapeRight";
				INFOPLIST_KEY_UISupportedInterfaceOrientations_iPhone = "UIInterfaceOrientationPortrait UIInterfaceOrientationLandscapeLeft UIInterfaceOrientationLandscapeRight";
				LD_RUNPATH_SEARCH_PATHS = (
					"$(inherited)",
					"@executable_path/Frameworks",
				);
				MARKETING_VERSION = 1.0;
				PRODUCT_BUNDLE_IDENTIFIER = "NatiaLobzhanidze.NatiaL-25";
				PRODUCT_NAME = "$(TARGET_NAME)";
				SWIFT_EMIT_LOC_STRINGS = YES;
				SWIFT_VERSION = 5.0;
				TARGETED_DEVICE_FAMILY = "1,2";
			};
			name = Release;
		};
/* End XCBuildConfiguration section */

/* Begin XCConfigurationList section */
		60812A6728B78F73003CEAA1 /* Build configuration list for PBXProject "NatiaL_25" */ = {
			isa = XCConfigurationList;
			buildConfigurations = (
				60812A7E28B78F74003CEAA1 /* Debug */,
				60812A7F28B78F74003CEAA1 /* Release */,
			);
			defaultConfigurationIsVisible = 0;
			defaultConfigurationName = Release;
		};
		60812A8028B78F74003CEAA1 /* Build configuration list for PBXNativeTarget "NatiaL_25" */ = {
			isa = XCConfigurationList;
			buildConfigurations = (
				60812A8128B78F74003CEAA1 /* Debug */,
				60812A8228B78F74003CEAA1 /* Release */,
			);
			defaultConfigurationIsVisible = 0;
			defaultConfigurationName = Release;
		};
/* End XCConfigurationList section */
	};
	rootObject = 60812A6428B78F73003CEAA1 /* Project object */;
}
